PODS:
  - AEXML (4.5.0)
  - BartyCrouch (4.1.1)
  - Crashlytics (3.14.0):
    - Fabric (~> 1.10.2)
  - Fabric (1.10.2)
  - KeyHolder (4.0.0):
    - Magnet (~> 3.0.4)
  - LetsMove (1.24)
  - LoginServiceKit (2.2.0)
  - Magnet (3.0.4):
    - Sauce (~> 2.0.1)
  - Nimble (8.0.7)
  - PINCache (2.3)
  - Quick (2.2.0)
  - Realm (4.4.1):
    - Realm/Headers (= 4.4.1)
  - Realm/Headers (4.4.1)
  - RealmSwift (4.4.1):
    - Realm (= 4.4.1)
  - RxCocoa (5.1.1):
    - RxRelay (~> 5)
    - RxSwift (~> 5)
  - RxOptional (4.1.0):
    - RxCocoa (~> 5)
    - RxSwift (~> 5)
  - RxRelay (5.1.1):
    - RxSwift (~> 5)
  - RxScreeen (1.4.0):
    - RxCocoa (~> 5.0)
    - RxSwift (~> 5.0)
    - Screeen (~> 1.3)
  - RxSwift (5.1.1)
  - Sauce (2.0.2)
  - Screeen (1.3.0)
  - Sparkle (1.23.0)
  - SwiftGen (6.1.0)
  - SwiftHEXColors (1.4.0)
  - SwiftLint (0.39.2)

DEPENDENCIES:
  - AEXML
  - BartyCrouch
  - Crashlytics
  - Fabric
  - "KeyHolder (from `git@github.com:Clipy/KeyHolder.git`, branch `master`)"
  - LetsMove
  - LoginServiceKit (from `https://github.com/Clipy/LoginServiceKit.git`)
  - Nimble
  - PINCache
  - Quick
  - RealmSwift
  - RxCocoa
  - RxOptional
  - RxScreeen
  - RxSwift
  - Sauce
  - Sparkle
  - SwiftGen
  - SwiftHEXColors
  - SwiftLint

SPEC REPOS:
  https://github.com/CocoaPods/Specs.git:
    - AEXML
    - BartyCrouch
    - Crashlytics
    - Fabric
    - LetsMove
    - Magnet
    - Nimble
    - PINCache
    - Quick
    - Realm
    - RealmSwift
    - RxCocoa
    - RxOptional
    - RxRelay
    - RxScreeen
    - RxSwift
    - Sauce
    - Screeen
    - Sparkle
    - SwiftGen
    - SwiftHEXColors
    - SwiftLint

EXTERNAL SOURCES:
  KeyHolder:
    :branch: master
    :git: "git@github.com:Clipy/KeyHolder.git"
  LoginServiceKit:
    :git: https://github.com/Clipy/LoginServiceKit.git

CHECKOUT OPTIONS:
  KeyHolder:
    :commit: 02200cbc1ae377055697478b3152697ea91e40ff
    :git: "git@github.com:Clipy/KeyHolder.git"
  LoginServiceKit:
    :commit: d8c24ad7e9b48294a8ae47f94bb1debeba74e102
    :git: https://github.com/Clipy/LoginServiceKit.git

SPEC CHECKSUMS:
  AEXML: 0e8f1d874fa033ca6b3909452a8bc362faad46e6
  BartyCrouch: 7767d19c29a03aee031493574f084d50f217a529
  Crashlytics: 540b7e5f5da5a042647227a5e3ac51d85eed06df
  Fabric: 706c8b8098fff96c33c0db69cbf81f9c551d0d74
  KeyHolder: b565633b3043fdb7cc17f6fc9b614ae265808f49
  LetsMove: fefe56bc7bc7fb7d37049e28a14f297961229fc5
  LoginServiceKit: 3c86ce2f2bcd1e373326839d6d863d8a6a5915b4
  Magnet: 8dc7e50ac27575b11780fe52115d52055d01cf17
  Nimble: a73af6ecd4c9106f434f3d55fc54570be3739e0b
  PINCache: ce36ed282031b92fc7733ffe831f474ff80fddc2
  Quick: 7fb19e13be07b5dfb3b90d4f9824c855a11af40e
  Realm: 4eb04d7487bd43c0581256f40b424eafb711deff
  RealmSwift: 3eb8924ff7100df5928c7602f71d0fec51e7c9c5
  RxCocoa: 32065309a38d29b5b0db858819b5bf9ef038b601
  RxOptional: b1fcd60856807a564c0215c2184b8d33e7826dc2
  RxRelay: d77f7d771495f43c556cbc43eebd1bb54d01e8e9
  RxScreeen: 5ba3d4047d7837d5478711c4f1cda5303a306120
  RxSwift: 81470a2074fa8780320ea5fe4102807cb7118178
  Sauce: 46716849891b07f6623e5dceca179691b76ae53e
  Screeen: caafccf0bdcc5d4ff175d04ceebfab432a62276a
  Sparkle: 55b1a87ba69d56913375a281546b7c82dec95bb0
  SwiftGen: f872ca75cbd17bf7103c17f13dcfa0d9a15667b0
  SwiftHEXColors: c5baa53cf2412ce6391633ce74999437cc025efc
  SwiftLint: 22ccbbe3b8008684be5955693bab135e0ed6a447

PODFILE CHECKSUM: 1bfb42ade20689e9660cc6fdd8fa7be43b4c3324

COCOAPODS: 1.9.1
